
Microsoft Visual Studio Solution File, Format Version 12.00
# Visual Studio Version 17
VisualStudioVersion = 17.4.33213.308
MinimumVisualStudioVersion = 10.0.40219.1
Project("{FAE04EC0-301F-11D3-BF4B-00C04F79EFBC}") = "AspNetCore6.MinimalApi.Study", "AspNetCore6.MinimalApi.Study.csproj", "{B06D95CE-B959-496C-BF1F-773D3E7E7B9B}"
EndProject
Global
	GlobalSection(SolutionConfigurationPlatforms) = preSolution
		Debug|Any CPU = Debug|Any CPU
		Release|Any CPU = Release|Any CPU
	EndGlobalSection
	GlobalSection(ProjectConfigurationPlatforms) = postSolution
		{B06D95CE-B959-496C-BF1F-773D3E7E7B9B}.Debug|Any CPU.ActiveCfg = Debug|Any CPU
		{B06D95CE-B959-496C-BF1F-773D3E7E7B9B}.Debug|Any CPU.Build.0 = Debug|Any CPU
		{B06D95CE-B959-496C-BF1F-773D3E7E7B9B}.Release|Any CPU.ActiveCfg = Release|Any CPU
		{B06D95CE-B959-496C-BF1F-773D3E7E7B9B}.Release|Any CPU.Build.0 = Release|Any CPU
	EndGlobalSection
	GlobalSection(SolutionProperties) = preSolution
		HideSolutionNode = FALSE
	EndGlobalSection
	GlobalSection(ExtensibilityGlobals) = postSolution
		SolutionGuid = {4D132B0C-7DB3-4C10-8019-974A24451857}
	EndGlobalSection
EndGlobal
